
Microsoft Visual Studio Solution File, Format Version 12.00
# Visual Studio Version 17
VisualStudioVersion = 17.4.32804.182
MinimumVisualStudioVersion = 10.0.40219.1
Project("{FAE04EC0-301F-11D3-BF4B-00C04F79EFBC}") = "FileCopyingMachine", "FileCopyingMachine.csproj", "{92DD1866-A00C-4685-ABEB-FBA228541625}"
EndProject
Global
	GlobalSection(SolutionConfigurationPlatforms) = preSolution
		Debug|Any CPU = Debug|Any CPU
		Release|Any CPU = Release|Any CPU
	EndGlobalSection
	GlobalSection(ProjectConfigurationPlatforms) = postSolution
		{92DD1866-A00C-4685-ABEB-FBA228541625}.Debug|Any CPU.ActiveCfg = Debug|Any CPU
		{92DD1866-A00C-4685-ABEB-FBA228541625}.Debug|Any CPU.Build.0 = Debug|Any CPU
		{92DD1866-A00C-4685-ABEB-FBA228541625}.Release|Any CPU.ActiveCfg = Release|Any CPU
		{92DD1866-A00C-4685-ABEB-FBA228541625}.Release|Any CPU.Build.0 = Release|Any CPU
	EndGlobalSection
	GlobalSection(SolutionProperties) = preSolution
		HideSolutionNode = FALSE
	EndGlobalSection
	GlobalSection(ExtensibilityGlobals) = postSolution
		SolutionGuid = {4034B10B-4DDF-45AE-99E2-B626DACD2874}
	EndGlobalSection
EndGlobal
